
Microsoft Visual Studio Solution File, Format Version 12.00
# Visual Studio 15
VisualStudioVersion = 15.0.27004.2005
MinimumVisualStudioVersion = 10.0.40219.1
Project("{9A19103F-16F7-4668-BE54-9A1E7A4F7556}") = "CodeElements.UpdateSystem", "CodeElements.UpdateSystem\CodeElements.UpdateSystem.csproj", "{33882C33-77F3-402F-B3DC-51DB63868905}"
EndProject
Project("{FAE04EC0-301F-11D3-BF4B-00C04F79EFBC}") = "CodeElements.UpdateSystem.Windows", "CodeElements.UpdateSystem.Windows\CodeElements.UpdateSystem.Windows.csproj", "{61215D9C-B5D1-4ADD-AE5F-292D065117AB}"
EndProject
Project("{FAE04EC0-301F-11D3-BF4B-00C04F79EFBC}") = "CodeElements.UpdateSystem.Windows.RollbackApp", "CodeElements.UpdateSystem.Windows.RollbackApp\CodeElements.UpdateSystem.Windows.RollbackApp.csproj", "{2681F57D-2E4F-42C2-9EBF-B6567EECE4D8}"
EndProject
Project("{FAE04EC0-301F-11D3-BF4B-00C04F79EFBC}") = "CodeElements.UpdateSystem.Windows.WinForms", "CodeElements.UpdateSystem.Windows.WinForms\CodeElements.UpdateSystem.Windows.WinForms.csproj", "{BD40F55B-5DB2-4F01-9F8A-D1D5EF2CD9EE}"
EndProject
Global
	GlobalSection(SolutionConfigurationPlatforms) = preSolution
		Debug|Any CPU = Debug|Any CPU
		Release|Any CPU = Release|Any CPU
	EndGlobalSection
	GlobalSection(ProjectConfigurationPlatforms) = postSolution
		{33882C33-77F3-402F-B3DC-51DB63868905}.Debug|Any CPU.ActiveCfg = Debug|Any CPU
		{33882C33-77F3-402F-B3DC-51DB63868905}.Debug|Any CPU.Build.0 = Debug|Any CPU
		{33882C33-77F3-402F-B3DC-51DB63868905}.Release|Any CPU.ActiveCfg = Release|Any CPU
		{33882C33-77F3-402F-B3DC-51DB63868905}.Release|Any CPU.Build.0 = Release|Any CPU
		{61215D9C-B5D1-4ADD-AE5F-292D065117AB}.Debug|Any CPU.ActiveCfg = Debug|Any CPU
		{61215D9C-B5D1-4ADD-AE5F-292D065117AB}.Debug|Any CPU.Build.0 = Debug|Any CPU
		{61215D9C-B5D1-4ADD-AE5F-292D065117AB}.Release|Any CPU.ActiveCfg = Release|Any CPU
		{61215D9C-B5D1-4ADD-AE5F-292D065117AB}.Release|Any CPU.Build.0 = Release|Any CPU
		{2681F57D-2E4F-42C2-9EBF-B6567EECE4D8}.Debug|Any CPU.ActiveCfg = Debug|Any CPU
		{2681F57D-2E4F-42C2-9EBF-B6567EECE4D8}.Debug|Any CPU.Build.0 = Debug|Any CPU
		{2681F57D-2E4F-42C2-9EBF-B6567EECE4D8}.Release|Any CPU.ActiveCfg = Release|Any CPU
		{2681F57D-2E4F-42C2-9EBF-B6567EECE4D8}.Release|Any CPU.Build.0 = Release|Any CPU
		{BD40F55B-5DB2-4F01-9F8A-D1D5EF2CD9EE}.Debug|Any CPU.ActiveCfg = Debug|Any CPU
		{BD40F55B-5DB2-4F01-9F8A-D1D5EF2CD9EE}.Debug|Any CPU.Build.0 = Debug|Any CPU
		{BD40F55B-5DB2-4F01-9F8A-D1D5EF2CD9EE}.Release|Any CPU.ActiveCfg = Release|Any CPU
		{BD40F55B-5DB2-4F01-9F8A-D1D5EF2CD9EE}.Release|Any CPU.Build.0 = Release|Any CPU
	EndGlobalSection
	GlobalSection(SolutionProperties) = preSolution
		HideSolutionNode = FALSE
	EndGlobalSection
	GlobalSection(ExtensibilityGlobals) = postSolution
		SolutionGuid = {9CADF9EB-0E3C-430C-B121-8F4C7DDC3F2F}
	EndGlobalSection
EndGlobal
